
Microsoft Visual Studio Solution File, Format Version 12.00
# Visual Studio Version 17
VisualStudioVersion = 17.6.33829.357
MinimumVisualStudioVersion = 10.0.40219.1
Project("{FAE04EC0-301F-11D3-BF4B-00C04F79EFBC}") = "TrinhHongNgoc_28_ThiCSharp", "TrinhHongNgoc_28_ThiCSharp.csproj", "{5AB3B329-8851-44EA-9B28-FBE73CCBCF04}"
EndProject
Global
	GlobalSection(SolutionConfigurationPlatforms) = preSolution
		Debug|Any CPU = Debug|Any CPU
		Release|Any CPU = Release|Any CPU
	EndGlobalSection
	GlobalSection(ProjectConfigurationPlatforms) = postSolution
		{5AB3B329-8851-44EA-9B28-FBE73CCBCF04}.Debug|Any CPU.ActiveCfg = Debug|Any CPU
		{5AB3B329-8851-44EA-9B28-FBE73CCBCF04}.Debug|Any CPU.Build.0 = Debug|Any CPU
		{5AB3B329-8851-44EA-9B28-FBE73CCBCF04}.Release|Any CPU.ActiveCfg = Release|Any CPU
		{5AB3B329-8851-44EA-9B28-FBE73CCBCF04}.Release|Any CPU.Build.0 = Release|Any CPU
	EndGlobalSection
	GlobalSection(SolutionProperties) = preSolution
		HideSolutionNode = FALSE
	EndGlobalSection
	GlobalSection(ExtensibilityGlobals) = postSolution
		SolutionGuid = {08736BD5-4F7E-4E2C-B645-7089E227B0AA}
	EndGlobalSection
EndGlobal
